{
  "object": {
    "pins": [
      {
        "package": "CLSwift",
        "repositoryURL": "https://github.com/twof/CLSwift.git",
        "state": {
          "branch": null,
          "revision": "90599c83059743d4f7d5f36415e6d6c7ab773331",
          "version": "1.5.0"
        }
      }
    ]
  },
  "version": 1
}
