{
  "object": {
    "pins": [
      {
        "package": "CLSwift",
        "repositoryURL": "https://github.com/twof/CLSwift.git",
        "state": {
          "branch": null,
          "revision": "5ebc28900667c957c31758dea91f630637dfc805",
          "version": "1.7.1"
        }
      }
    ]
  },
  "version": 1
}
