// !$*UTF8*$!
{
	archiveVersion = 1;
	classes = {
	};
	objectVersion = 46;
	objects = {

/* Begin PBXBuildFile section */
		247B9A5F1F6A767E00042543 /* Keyboard.swift in Sources */ = {isa = PBXBuildFile; fileRef = OBJ_19 /* Keyboard.swift */; };
		247B9A601F6A768B00042543 /* KeyCode.swift in Sources */ = {isa = PBXBuildFile; fileRef = OBJ_16 /* KeyCode.swift */; };
		247B9A611F6A769800042543 /* KeyboardHelper.swift in Sources */ = {isa = PBXBuildFile; fileRef = OBJ_15 /* KeyboardHelper.swift */; };
		OBJ_49 /* InputError.swift in Sources */ = {isa = PBXBuildFile; fileRef = OBJ_34 /* InputError.swift */; };
		OBJ_50 /* Int+LosslessStringConvertible.swift in Sources */ = {isa = PBXBuildFile; fileRef = OBJ_36 /* Int+LosslessStringConvertible.swift */; };
		OBJ_51 /* Argument.swift in Sources */ = {isa = PBXBuildFile; fileRef = OBJ_38 /* Argument.swift */; };
		OBJ_52 /* CommandCenter.swift in Sources */ = {isa = PBXBuildFile; fileRef = OBJ_39 /* CommandCenter.swift */; };
		OBJ_59 /* main.swift in Sources */ = {isa = PBXBuildFile; fileRef = OBJ_9 /* main.swift */; };
		OBJ_60 /* Desktop.swift in Sources */ = {isa = PBXBuildFile; fileRef = OBJ_11 /* Desktop.swift */; };
		OBJ_61 /* Character+Helpers.swift in Sources */ = {isa = PBXBuildFile; fileRef = OBJ_13 /* Character+Helpers.swift */; };
		OBJ_62 /* KeyboardHelper.swift in Sources */ = {isa = PBXBuildFile; fileRef = OBJ_15 /* KeyboardHelper.swift */; };
		OBJ_63 /* KeyCode.swift in Sources */ = {isa = PBXBuildFile; fileRef = OBJ_16 /* KeyCode.swift */; };
		OBJ_64 /* MouseButton.swift in Sources */ = {isa = PBXBuildFile; fileRef = OBJ_17 /* MouseButton.swift */; };
		OBJ_65 /* Keyboard.swift in Sources */ = {isa = PBXBuildFile; fileRef = OBJ_19 /* Keyboard.swift */; };
		OBJ_66 /* Misc.swift in Sources */ = {isa = PBXBuildFile; fileRef = OBJ_21 /* Misc.swift */; };
		OBJ_67 /* Mouse.swift in Sources */ = {isa = PBXBuildFile; fileRef = OBJ_23 /* Mouse.swift */; };
		OBJ_68 /* Window.swift in Sources */ = {isa = PBXBuildFile; fileRef = OBJ_25 /* Window.swift */; };
		OBJ_70 /* CLSwift.framework in Frameworks */ = {isa = PBXBuildFile; fileRef = OBJ_41 /* CLSwift.framework */; };
		OBJ_77 /* HelperTests.swift in Sources */ = {isa = PBXBuildFile; fileRef = OBJ_28 /* HelperTests.swift */; };
		OBJ_78 /* KeyboardTests.swift in Sources */ = {isa = PBXBuildFile; fileRef = OBJ_29 /* KeyboardTests.swift */; };
		OBJ_80 /* CLSwift.framework in Frameworks */ = {isa = PBXBuildFile; fileRef = OBJ_41 /* CLSwift.framework */; };
/* End PBXBuildFile section */

/* Begin PBXContainerItemProxy section */
		247B9A5C1F6A764000042543 /* PBXContainerItemProxy */ = {
			isa = PBXContainerItemProxy;
			containerPortal = OBJ_1 /* Project object */;
			proxyType = 1;
			remoteGlobalIDString = OBJ_44;
			remoteInfo = CLSwift;
		};
		247B9A5D1F6A764000042543 /* PBXContainerItemProxy */ = {
			isa = PBXContainerItemProxy;
			containerPortal = OBJ_1 /* Project object */;
			proxyType = 1;
			remoteGlobalIDString = OBJ_44;
			remoteInfo = CLSwift;
		};
		247B9A5E1F6A764000042543 /* PBXContainerItemProxy */ = {
			isa = PBXContainerItemProxy;
			containerPortal = OBJ_1 /* Project object */;
			proxyType = 1;
			remoteGlobalIDString = OBJ_54;
			remoteInfo = osxdotool;
		};
/* End PBXContainerItemProxy section */

/* Begin PBXFileReference section */
		OBJ_11 /* Desktop.swift */ = {isa = PBXFileReference; lastKnownFileType = sourcecode.swift; path = Desktop.swift; sourceTree = "<group>"; };
		OBJ_13 /* Character+Helpers.swift */ = {isa = PBXFileReference; lastKnownFileType = sourcecode.swift; path = "Character+Helpers.swift"; sourceTree = "<group>"; };
		OBJ_15 /* KeyboardHelper.swift */ = {isa = PBXFileReference; lastKnownFileType = sourcecode.swift; path = KeyboardHelper.swift; sourceTree = "<group>"; };
		OBJ_16 /* KeyCode.swift */ = {isa = PBXFileReference; lastKnownFileType = sourcecode.swift; path = KeyCode.swift; sourceTree = "<group>"; };
		OBJ_17 /* MouseButton.swift */ = {isa = PBXFileReference; lastKnownFileType = sourcecode.swift; path = MouseButton.swift; sourceTree = "<group>"; };
		OBJ_19 /* Keyboard.swift */ = {isa = PBXFileReference; lastKnownFileType = sourcecode.swift; path = Keyboard.swift; sourceTree = "<group>"; };
		OBJ_21 /* Misc.swift */ = {isa = PBXFileReference; lastKnownFileType = sourcecode.swift; path = Misc.swift; sourceTree = "<group>"; };
		OBJ_23 /* Mouse.swift */ = {isa = PBXFileReference; lastKnownFileType = sourcecode.swift; path = Mouse.swift; sourceTree = "<group>"; };
		OBJ_25 /* Window.swift */ = {isa = PBXFileReference; lastKnownFileType = sourcecode.swift; path = Window.swift; sourceTree = "<group>"; };
		OBJ_28 /* HelperTests.swift */ = {isa = PBXFileReference; lastKnownFileType = sourcecode.swift; path = HelperTests.swift; sourceTree = "<group>"; };
		OBJ_29 /* KeyboardTests.swift */ = {isa = PBXFileReference; lastKnownFileType = sourcecode.swift; path = KeyboardTests.swift; sourceTree = "<group>"; };
		OBJ_34 /* InputError.swift */ = {isa = PBXFileReference; lastKnownFileType = sourcecode.swift; path = InputError.swift; sourceTree = "<group>"; };
		OBJ_36 /* Int+LosslessStringConvertible.swift */ = {isa = PBXFileReference; lastKnownFileType = sourcecode.swift; path = "Int+LosslessStringConvertible.swift"; sourceTree = "<group>"; };
		OBJ_38 /* Argument.swift */ = {isa = PBXFileReference; lastKnownFileType = sourcecode.swift; path = Argument.swift; sourceTree = "<group>"; };
		OBJ_39 /* CommandCenter.swift */ = {isa = PBXFileReference; lastKnownFileType = sourcecode.swift; path = CommandCenter.swift; sourceTree = "<group>"; };
		OBJ_41 /* CLSwift.framework */ = {isa = PBXFileReference; explicitFileType = wrapper.framework; path = CLSwift.framework; sourceTree = BUILT_PRODUCTS_DIR; };
		OBJ_42 /* osxdotool */ = {isa = PBXFileReference; explicitFileType = "compiled.mach-o.executable"; path = osxdotool; sourceTree = BUILT_PRODUCTS_DIR; };
		OBJ_43 /* osxdotoolTests.xctest */ = {isa = PBXFileReference; lastKnownFileType = file; path = osxdotoolTests.xctest; sourceTree = BUILT_PRODUCTS_DIR; };
		OBJ_6 /* Package.swift */ = {isa = PBXFileReference; explicitFileType = sourcecode.swift; path = Package.swift; sourceTree = "<group>"; };
		OBJ_9 /* main.swift */ = {isa = PBXFileReference; lastKnownFileType = sourcecode.swift; path = main.swift; sourceTree = "<group>"; };
/* End PBXFileReference section */

/* Begin PBXFrameworksBuildPhase section */
		OBJ_53 /* Frameworks */ = {
			isa = PBXFrameworksBuildPhase;
			buildActionMask = 0;
			files = (
			);
			runOnlyForDeploymentPostprocessing = 0;
		};
		OBJ_69 /* Frameworks */ = {
			isa = PBXFrameworksBuildPhase;
			buildActionMask = 0;
			files = (
				OBJ_70 /* CLSwift.framework in Frameworks */,
			);
			runOnlyForDeploymentPostprocessing = 0;
		};
		OBJ_79 /* Frameworks */ = {
			isa = PBXFrameworksBuildPhase;
			buildActionMask = 0;
			files = (
				OBJ_80 /* CLSwift.framework in Frameworks */,
			);
			runOnlyForDeploymentPostprocessing = 0;
		};
/* End PBXFrameworksBuildPhase section */

/* Begin PBXGroup section */
		OBJ_10 /* Desktop */ = {
			isa = PBXGroup;
			children = (
				OBJ_11 /* Desktop.swift */,
			);
			path = Desktop;
			sourceTree = "<group>";
		};
		OBJ_12 /* Extensions */ = {
			isa = PBXGroup;
			children = (
				OBJ_13 /* Character+Helpers.swift */,
			);
			path = Extensions;
			sourceTree = "<group>";
		};
		OBJ_14 /* Helpers */ = {
			isa = PBXGroup;
			children = (
				OBJ_15 /* KeyboardHelper.swift */,
				OBJ_16 /* KeyCode.swift */,
				OBJ_17 /* MouseButton.swift */,
			);
			path = Helpers;
			sourceTree = "<group>";
		};
		OBJ_18 /* Keyboard */ = {
			isa = PBXGroup;
			children = (
				OBJ_19 /* Keyboard.swift */,
			);
			path = Keyboard;
			sourceTree = "<group>";
		};
		OBJ_20 /* Misc */ = {
			isa = PBXGroup;
			children = (
				OBJ_21 /* Misc.swift */,
			);
			path = Misc;
			sourceTree = "<group>";
		};
		OBJ_22 /* Mouse */ = {
			isa = PBXGroup;
			children = (
				OBJ_23 /* Mouse.swift */,
			);
			path = Mouse;
			sourceTree = "<group>";
		};
		OBJ_24 /* Window */ = {
			isa = PBXGroup;
			children = (
				OBJ_25 /* Window.swift */,
			);
			path = Window;
			sourceTree = "<group>";
		};
		OBJ_26 /* Tests */ = {
			isa = PBXGroup;
			children = (
				OBJ_27 /* osxdotoolTests */,
			);
			name = Tests;
			sourceTree = SOURCE_ROOT;
		};
		OBJ_27 /* osxdotoolTests */ = {
			isa = PBXGroup;
			children = (
				OBJ_28 /* HelperTests.swift */,
				OBJ_29 /* KeyboardTests.swift */,
			);
			name = osxdotoolTests;
			path = Tests/osxdotoolTests;
			sourceTree = SOURCE_ROOT;
		};
		OBJ_30 /* Dependencies */ = {
			isa = PBXGroup;
			children = (
				OBJ_31 /* CLSwift 1.0.3 */,
			);
			name = Dependencies;
			sourceTree = "<group>";
		};
		OBJ_31 /* CLSwift 1.0.3 */ = {
			isa = PBXGroup;
			children = (
				OBJ_32 /* CLSwift */,
			);
			name = "CLSwift 1.0.3";
			sourceTree = SOURCE_ROOT;
		};
		OBJ_32 /* CLSwift */ = {
			isa = PBXGroup;
			children = (
				OBJ_33 /* ErrorHandling */,
				OBJ_35 /* Extensions */,
				OBJ_37 /* Models */,
			);
			name = CLSwift;
			path = ".build/checkouts/CLSwift.git--8698936768018570117/Sources/CLSwift";
			sourceTree = SOURCE_ROOT;
		};
		OBJ_33 /* ErrorHandling */ = {
			isa = PBXGroup;
			children = (
				OBJ_34 /* InputError.swift */,
			);
			path = ErrorHandling;
			sourceTree = "<group>";
		};
		OBJ_35 /* Extensions */ = {
			isa = PBXGroup;
			children = (
				OBJ_36 /* Int+LosslessStringConvertible.swift */,
			);
			path = Extensions;
			sourceTree = "<group>";
		};
		OBJ_37 /* Models */ = {
			isa = PBXGroup;
			children = (
				OBJ_38 /* Argument.swift */,
				OBJ_39 /* CommandCenter.swift */,
			);
			path = Models;
			sourceTree = "<group>";
		};
		OBJ_40 /* Products */ = {
			isa = PBXGroup;
			children = (
				OBJ_41 /* CLSwift.framework */,
				OBJ_42 /* osxdotool */,
				OBJ_43 /* osxdotoolTests.xctest */,
			);
			name = Products;
			sourceTree = BUILT_PRODUCTS_DIR;
		};
		OBJ_5 /*  */ = {
			isa = PBXGroup;
			children = (
				OBJ_6 /* Package.swift */,
				OBJ_7 /* Sources */,
				OBJ_26 /* Tests */,
				OBJ_30 /* Dependencies */,
				OBJ_40 /* Products */,
			);
			name = "";
			sourceTree = "<group>";
		};
		OBJ_7 /* Sources */ = {
			isa = PBXGroup;
			children = (
				OBJ_8 /* osxdotool */,
			);
			name = Sources;
			sourceTree = SOURCE_ROOT;
		};
		OBJ_8 /* osxdotool */ = {
			isa = PBXGroup;
			children = (
				OBJ_9 /* main.swift */,
				OBJ_12 /* Extensions */,
				OBJ_14 /* Helpers */,
				OBJ_18 /* Keyboard */,
				OBJ_10 /* Desktop */,
				OBJ_20 /* Misc */,
				OBJ_22 /* Mouse */,
				OBJ_24 /* Window */,
			);
			name = osxdotool;
			path = Sources/osxdotool;
			sourceTree = SOURCE_ROOT;
		};
/* End PBXGroup section */

/* Begin PBXNativeTarget section */
		OBJ_44 /* CLSwift */ = {
			isa = PBXNativeTarget;
			buildConfigurationList = OBJ_45 /* Build configuration list for PBXNativeTarget "CLSwift" */;
			buildPhases = (
				OBJ_48 /* Sources */,
				OBJ_53 /* Frameworks */,
			);
			buildRules = (
			);
			dependencies = (
			);
			name = CLSwift;
			productName = CLSwift;
			productReference = OBJ_41 /* CLSwift.framework */;
			productType = "com.apple.product-type.framework";
		};
		OBJ_54 /* osxdotool */ = {
			isa = PBXNativeTarget;
			buildConfigurationList = OBJ_55 /* Build configuration list for PBXNativeTarget "osxdotool" */;
			buildPhases = (
				OBJ_58 /* Sources */,
				OBJ_69 /* Frameworks */,
			);
			buildRules = (
			);
			dependencies = (
				OBJ_71 /* PBXTargetDependency */,
			);
			name = osxdotool;
			productName = osxdotool;
			productReference = OBJ_42 /* osxdotool */;
			productType = "com.apple.product-type.tool";
		};
		OBJ_72 /* osxdotoolTests */ = {
			isa = PBXNativeTarget;
			buildConfigurationList = OBJ_73 /* Build configuration list for PBXNativeTarget "osxdotoolTests" */;
			buildPhases = (
				OBJ_76 /* Sources */,
				OBJ_79 /* Frameworks */,
			);
			buildRules = (
			);
			dependencies = (
				OBJ_81 /* PBXTargetDependency */,
				OBJ_82 /* PBXTargetDependency */,
			);
			name = osxdotoolTests;
			productName = osxdotoolTests;
			productReference = OBJ_43 /* osxdotoolTests.xctest */;
			productType = "com.apple.product-type.bundle.unit-test";
		};
/* End PBXNativeTarget section */

/* Begin PBXProject section */
		OBJ_1 /* Project object */ = {
			isa = PBXProject;
			attributes = {
				LastUpgradeCheck = 9999;
			};
			buildConfigurationList = OBJ_2 /* Build configuration list for PBXProject "osxdotool" */;
			compatibilityVersion = "Xcode 3.2";
			developmentRegion = English;
			hasScannedForEncodings = 0;
			knownRegions = (
				en,
			);
			mainGroup = OBJ_5 /*  */;
			productRefGroup = OBJ_40 /* Products */;
			projectDirPath = "";
			projectRoot = "";
			targets = (
				OBJ_44 /* CLSwift */,
				OBJ_54 /* osxdotool */,
				OBJ_72 /* osxdotoolTests */,
			);
		};
/* End PBXProject section */

/* Begin PBXSourcesBuildPhase section */
		OBJ_48 /* Sources */ = {
			isa = PBXSourcesBuildPhase;
			buildActionMask = 0;
			files = (
				OBJ_49 /* InputError.swift in Sources */,
				OBJ_50 /* Int+LosslessStringConvertible.swift in Sources */,
				OBJ_51 /* Argument.swift in Sources */,
				OBJ_52 /* CommandCenter.swift in Sources */,
			);
			runOnlyForDeploymentPostprocessing = 0;
		};
		OBJ_58 /* Sources */ = {
			isa = PBXSourcesBuildPhase;
			buildActionMask = 0;
			files = (
				OBJ_59 /* main.swift in Sources */,
				OBJ_60 /* Desktop.swift in Sources */,
				OBJ_61 /* Character+Helpers.swift in Sources */,
				OBJ_62 /* KeyboardHelper.swift in Sources */,
				OBJ_63 /* KeyCode.swift in Sources */,
				OBJ_64 /* MouseButton.swift in Sources */,
				OBJ_65 /* Keyboard.swift in Sources */,
				OBJ_66 /* Misc.swift in Sources */,
				OBJ_67 /* Mouse.swift in Sources */,
				OBJ_68 /* Window.swift in Sources */,
			);
			runOnlyForDeploymentPostprocessing = 0;
		};
		OBJ_76 /* Sources */ = {
			isa = PBXSourcesBuildPhase;
			buildActionMask = 0;
			files = (
				247B9A601F6A768B00042543 /* KeyCode.swift in Sources */,
				OBJ_77 /* HelperTests.swift in Sources */,
				247B9A5F1F6A767E00042543 /* Keyboard.swift in Sources */,
				OBJ_78 /* KeyboardTests.swift in Sources */,
				247B9A611F6A769800042543 /* KeyboardHelper.swift in Sources */,
			);
			runOnlyForDeploymentPostprocessing = 0;
		};
/* End PBXSourcesBuildPhase section */

/* Begin PBXTargetDependency section */
		OBJ_71 /* PBXTargetDependency */ = {
			isa = PBXTargetDependency;
			target = OBJ_44 /* CLSwift */;
			targetProxy = 247B9A5C1F6A764000042543 /* PBXContainerItemProxy */;
		};
		OBJ_81 /* PBXTargetDependency */ = {
			isa = PBXTargetDependency;
			target = OBJ_44 /* CLSwift */;
			targetProxy = 247B9A5D1F6A764000042543 /* PBXContainerItemProxy */;
		};
		OBJ_82 /* PBXTargetDependency */ = {
			isa = PBXTargetDependency;
			target = OBJ_54 /* osxdotool */;
			targetProxy = 247B9A5E1F6A764000042543 /* PBXContainerItemProxy */;
		};
/* End PBXTargetDependency section */

/* Begin XCBuildConfiguration section */
		OBJ_3 /* Debug */ = {
			isa = XCBuildConfiguration;
			buildSettings = {
				CLANG_ENABLE_OBJC_ARC = YES;
				COMBINE_HIDPI_IMAGES = YES;
				COPY_PHASE_STRIP = NO;
				DEBUG_INFORMATION_FORMAT = dwarf;
				DYLIB_INSTALL_NAME_BASE = "@rpath";
				ENABLE_NS_ASSERTIONS = YES;
				GCC_OPTIMIZATION_LEVEL = 0;
				MACOSX_DEPLOYMENT_TARGET = 10.10;
				ONLY_ACTIVE_ARCH = YES;
				OTHER_SWIFT_FLAGS = "-DXcode";
				PRODUCT_NAME = "$(TARGET_NAME)";
				SDKROOT = macosx;
				SUPPORTED_PLATFORMS = "macosx iphoneos iphonesimulator appletvos appletvsimulator watchos watchsimulator";
				SWIFT_ACTIVE_COMPILATION_CONDITIONS = SWIFT_PACKAGE;
				SWIFT_OPTIMIZATION_LEVEL = "-Onone";
				SWIFT_VERSION = 3.0;
				USE_HEADERMAP = NO;
			};
			name = Debug;
		};
		OBJ_4 /* Release */ = {
			isa = XCBuildConfiguration;
			buildSettings = {
				CLANG_ENABLE_OBJC_ARC = YES;
				COMBINE_HIDPI_IMAGES = YES;
				COPY_PHASE_STRIP = YES;
				DEBUG_INFORMATION_FORMAT = "dwarf-with-dsym";
				DYLIB_INSTALL_NAME_BASE = "@rpath";
				GCC_OPTIMIZATION_LEVEL = s;
				MACOSX_DEPLOYMENT_TARGET = 10.10;
				OTHER_SWIFT_FLAGS = "-DXcode";
				PRODUCT_NAME = "$(TARGET_NAME)";
				SDKROOT = macosx;
				SUPPORTED_PLATFORMS = "macosx iphoneos iphonesimulator appletvos appletvsimulator watchos watchsimulator";
				SWIFT_ACTIVE_COMPILATION_CONDITIONS = SWIFT_PACKAGE;
				SWIFT_OPTIMIZATION_LEVEL = "-Owholemodule";
				SWIFT_VERSION = 3.0;
				USE_HEADERMAP = NO;
			};
			name = Release;
		};
		OBJ_46 /* Debug */ = {
			isa = XCBuildConfiguration;
			buildSettings = {
				ENABLE_TESTABILITY = YES;
				FRAMEWORK_SEARCH_PATHS = (
					"$(inherited)",
					"$(PLATFORM_DIR)/Developer/Library/Frameworks",
				);
				HEADER_SEARCH_PATHS = "$(inherited)";
				INFOPLIST_FILE = osxdotool.xcodeproj/CLSwift_Info.plist;
				LD_RUNPATH_SEARCH_PATHS = "$(TOOLCHAIN_DIR)/usr/lib/swift/macosx";
				OTHER_LDFLAGS = "$(inherited)";
				OTHER_SWIFT_FLAGS = "$(inherited)";
				PRODUCT_BUNDLE_IDENTIFIER = CLSwift;
				PRODUCT_MODULE_NAME = "$(TARGET_NAME:c99extidentifier)";
				PRODUCT_NAME = "$(TARGET_NAME:c99extidentifier)";
				SKIP_INSTALL = YES;
				TARGET_NAME = CLSwift;
			};
			name = Debug;
		};
		OBJ_47 /* Release */ = {
			isa = XCBuildConfiguration;
			buildSettings = {
				ENABLE_TESTABILITY = YES;
				FRAMEWORK_SEARCH_PATHS = (
					"$(inherited)",
					"$(PLATFORM_DIR)/Developer/Library/Frameworks",
				);
				HEADER_SEARCH_PATHS = "$(inherited)";
				INFOPLIST_FILE = osxdotool.xcodeproj/CLSwift_Info.plist;
				LD_RUNPATH_SEARCH_PATHS = "$(TOOLCHAIN_DIR)/usr/lib/swift/macosx";
				OTHER_LDFLAGS = "$(inherited)";
				OTHER_SWIFT_FLAGS = "$(inherited)";
				PRODUCT_BUNDLE_IDENTIFIER = CLSwift;
				PRODUCT_MODULE_NAME = "$(TARGET_NAME:c99extidentifier)";
				PRODUCT_NAME = "$(TARGET_NAME:c99extidentifier)";
				SKIP_INSTALL = YES;
				TARGET_NAME = CLSwift;
			};
			name = Release;
		};
		OBJ_56 /* Debug */ = {
			isa = XCBuildConfiguration;
			buildSettings = {
				ENABLE_TESTABILITY = YES;
				FRAMEWORK_SEARCH_PATHS = (
					"$(inherited)",
					"$(PLATFORM_DIR)/Developer/Library/Frameworks",
				);
				HEADER_SEARCH_PATHS = "$(inherited)";
				INFOPLIST_FILE = osxdotool.xcodeproj/osxdotool_Info.plist;
				LD_RUNPATH_SEARCH_PATHS = "$(TOOLCHAIN_DIR)/usr/lib/swift/macosx @executable_path";
				OTHER_LDFLAGS = "$(inherited)";
				OTHER_SWIFT_FLAGS = "$(inherited)";
				SWIFT_FORCE_DYNAMIC_LINK_STDLIB = YES;
				SWIFT_FORCE_STATIC_LINK_STDLIB = NO;
				TARGET_NAME = osxdotool;
			};
			name = Debug;
		};
		OBJ_57 /* Release */ = {
			isa = XCBuildConfiguration;
			buildSettings = {
				ENABLE_TESTABILITY = YES;
				FRAMEWORK_SEARCH_PATHS = (
					"$(inherited)",
					"$(PLATFORM_DIR)/Developer/Library/Frameworks",
				);
				HEADER_SEARCH_PATHS = "$(inherited)";
				INFOPLIST_FILE = osxdotool.xcodeproj/osxdotool_Info.plist;
				LD_RUNPATH_SEARCH_PATHS = "$(TOOLCHAIN_DIR)/usr/lib/swift/macosx @executable_path";
				OTHER_LDFLAGS = "$(inherited)";
				OTHER_SWIFT_FLAGS = "$(inherited)";
				SWIFT_FORCE_DYNAMIC_LINK_STDLIB = YES;
				SWIFT_FORCE_STATIC_LINK_STDLIB = NO;
				TARGET_NAME = osxdotool;
			};
			name = Release;
		};
		OBJ_74 /* Debug */ = {
			isa = XCBuildConfiguration;
			buildSettings = {
				EMBEDDED_CONTENT_CONTAINS_SWIFT = YES;
				FRAMEWORK_SEARCH_PATHS = (
					"$(inherited)",
					"$(PLATFORM_DIR)/Developer/Library/Frameworks",
				);
				HEADER_SEARCH_PATHS = "$(inherited)";
				INFOPLIST_FILE = osxdotool.xcodeproj/osxdotoolTests_Info.plist;
				LD_RUNPATH_SEARCH_PATHS = "@loader_path/../Frameworks @loader_path/Frameworks";
				OTHER_LDFLAGS = "$(inherited)";
				OTHER_SWIFT_FLAGS = "$(inherited)";
				TARGET_NAME = osxdotoolTests;
			};
			name = Debug;
		};
		OBJ_75 /* Release */ = {
			isa = XCBuildConfiguration;
			buildSettings = {
				EMBEDDED_CONTENT_CONTAINS_SWIFT = YES;
				FRAMEWORK_SEARCH_PATHS = (
					"$(inherited)",
					"$(PLATFORM_DIR)/Developer/Library/Frameworks",
				);
				HEADER_SEARCH_PATHS = "$(inherited)";
				INFOPLIST_FILE = osxdotool.xcodeproj/osxdotoolTests_Info.plist;
				LD_RUNPATH_SEARCH_PATHS = "@loader_path/../Frameworks @loader_path/Frameworks";
				OTHER_LDFLAGS = "$(inherited)";
				OTHER_SWIFT_FLAGS = "$(inherited)";
				TARGET_NAME = osxdotoolTests;
			};
			name = Release;
		};
/* End XCBuildConfiguration section */

/* Begin XCConfigurationList section */
		OBJ_2 /* Build configuration list for PBXProject "osxdotool" */ = {
			isa = XCConfigurationList;
			buildConfigurations = (
				OBJ_3 /* Debug */,
				OBJ_4 /* Release */,
			);
			defaultConfigurationIsVisible = 0;
			defaultConfigurationName = Debug;
		};
		OBJ_45 /* Build configuration list for PBXNativeTarget "CLSwift" */ = {
			isa = XCConfigurationList;
			buildConfigurations = (
				OBJ_46 /* Debug */,
				OBJ_47 /* Release */,
			);
			defaultConfigurationIsVisible = 0;
			defaultConfigurationName = Debug;
		};
		OBJ_55 /* Build configuration list for PBXNativeTarget "osxdotool" */ = {
			isa = XCConfigurationList;
			buildConfigurations = (
				OBJ_56 /* Debug */,
				OBJ_57 /* Release */,
			);
			defaultConfigurationIsVisible = 0;
			defaultConfigurationName = Debug;
		};
		OBJ_73 /* Build configuration list for PBXNativeTarget "osxdotoolTests" */ = {
			isa = XCConfigurationList;
			buildConfigurations = (
				OBJ_74 /* Debug */,
				OBJ_75 /* Release */,
			);
			defaultConfigurationIsVisible = 0;
			defaultConfigurationName = Debug;
		};
/* End XCConfigurationList section */
	};
	rootObject = OBJ_1 /* Project object */;
}
