// !$*UTF8*$!
{
	archiveVersion = 1;
	classes = {
	};
	objectVersion = 46;
	objects = {

/* Begin PBXBuildFile section */
		24643B861F0DDAE100F1D234 /* Command.swift in Sources */ = {isa = PBXBuildFile; fileRef = 24643B851F0DDAE100F1D234 /* Command.swift */; };
		24643B881F0DDB5E00F1D234 /* InputError.swift in Sources */ = {isa = PBXBuildFile; fileRef = 24643B871F0DDB5E00F1D234 /* InputError.swift */; };
		246839831F08FB2B00D35B38 /* main.swift in Sources */ = {isa = PBXBuildFile; fileRef = 246839821F08FB2B00D35B38 /* main.swift */; };
		2468398A1F097DDD00D35B38 /* KeyCode.swift in Sources */ = {isa = PBXBuildFile; fileRef = 246839891F097DDD00D35B38 /* KeyCode.swift */; };
		2468398C1F09D08500D35B38 /* MouseButton.swift in Sources */ = {isa = PBXBuildFile; fileRef = 2468398B1F09D08500D35B38 /* MouseButton.swift */; };
/* End PBXBuildFile section */

/* Begin PBXCopyFilesBuildPhase section */
		2468397D1F08FB2B00D35B38 /* CopyFiles */ = {
			isa = PBXCopyFilesBuildPhase;
			buildActionMask = 2147483647;
			dstPath = /usr/share/man/man1/;
			dstSubfolderSpec = 0;
			files = (
			);
			runOnlyForDeploymentPostprocessing = 1;
		};
/* End PBXCopyFilesBuildPhase section */

/* Begin PBXFileReference section */
		24643B851F0DDAE100F1D234 /* Command.swift */ = {isa = PBXFileReference; fileEncoding = 4; lastKnownFileType = sourcecode.swift; path = Command.swift; sourceTree = "<group>"; };
		24643B871F0DDB5E00F1D234 /* InputError.swift */ = {isa = PBXFileReference; fileEncoding = 4; lastKnownFileType = sourcecode.swift; path = InputError.swift; sourceTree = "<group>"; };
		2468397F1F08FB2B00D35B38 /* osxdotool */ = {isa = PBXFileReference; explicitFileType = "compiled.mach-o.executable"; includeInIndex = 0; path = osxdotool; sourceTree = BUILT_PRODUCTS_DIR; };
		246839821F08FB2B00D35B38 /* main.swift */ = {isa = PBXFileReference; lastKnownFileType = sourcecode.swift; path = main.swift; sourceTree = "<group>"; };
		246839891F097DDD00D35B38 /* KeyCode.swift */ = {isa = PBXFileReference; fileEncoding = 4; lastKnownFileType = sourcecode.swift; path = KeyCode.swift; sourceTree = "<group>"; };
		2468398B1F09D08500D35B38 /* MouseButton.swift */ = {isa = PBXFileReference; fileEncoding = 4; lastKnownFileType = sourcecode.swift; path = MouseButton.swift; sourceTree = "<group>"; };
/* End PBXFileReference section */

/* Begin PBXFrameworksBuildPhase section */
		2468397C1F08FB2B00D35B38 /* Frameworks */ = {
			isa = PBXFrameworksBuildPhase;
			buildActionMask = 2147483647;
			files = (
			);
			runOnlyForDeploymentPostprocessing = 0;
		};
/* End PBXFrameworksBuildPhase section */

/* Begin PBXGroup section */
		246839761F08FB2B00D35B38 = {
			isa = PBXGroup;
			children = (
				246839811F08FB2B00D35B38 /* osxdotool */,
				246839801F08FB2B00D35B38 /* Products */,
			);
			sourceTree = "<group>";
		};
		246839801F08FB2B00D35B38 /* Products */ = {
			isa = PBXGroup;
			children = (
				2468397F1F08FB2B00D35B38 /* osxdotool */,
			);
			name = Products;
			sourceTree = "<group>";
		};
		246839811F08FB2B00D35B38 /* osxdotool */ = {
			isa = PBXGroup;
			children = (
				246839821F08FB2B00D35B38 /* main.swift */,
				2468398B1F09D08500D35B38 /* MouseButton.swift */,
				246839891F097DDD00D35B38 /* KeyCode.swift */,
				24643B851F0DDAE100F1D234 /* Command.swift */,
				24643B871F0DDB5E00F1D234 /* InputError.swift */,
			);
			path = osxdotool;
			sourceTree = "<group>";
		};
/* End PBXGroup section */

/* Begin PBXNativeTarget section */
		2468397E1F08FB2B00D35B38 /* osxdotool */ = {
			isa = PBXNativeTarget;
			buildConfigurationList = 246839861F08FB2B00D35B38 /* Build configuration list for PBXNativeTarget "osxdotool" */;
			buildPhases = (
				2468397B1F08FB2B00D35B38 /* Sources */,
				2468397C1F08FB2B00D35B38 /* Frameworks */,
				2468397D1F08FB2B00D35B38 /* CopyFiles */,
			);
			buildRules = (
			);
			dependencies = (
			);
			name = osxdotool;
			productName = osxdotool;
			productReference = 2468397F1F08FB2B00D35B38 /* osxdotool */;
			productType = "com.apple.product-type.tool";
		};
/* End PBXNativeTarget section */

/* Begin PBXProject section */
		246839771F08FB2B00D35B38 /* Project object */ = {
			isa = PBXProject;
			attributes = {
				LastSwiftUpdateCheck = 0830;
				LastUpgradeCheck = 0830;
				ORGANIZATIONNAME = twof;
				TargetAttributes = {
					2468397E1F08FB2B00D35B38 = {
						CreatedOnToolsVersion = 8.3.3;
						ProvisioningStyle = Automatic;
					};
				};
			};
			buildConfigurationList = 2468397A1F08FB2B00D35B38 /* Build configuration list for PBXProject "osxdotool" */;
			compatibilityVersion = "Xcode 3.2";
			developmentRegion = English;
			hasScannedForEncodings = 0;
			knownRegions = (
				en,
			);
			mainGroup = 246839761F08FB2B00D35B38;
			productRefGroup = 246839801F08FB2B00D35B38 /* Products */;
			projectDirPath = "";
			projectRoot = "";
			targets = (
				2468397E1F08FB2B00D35B38 /* osxdotool */,
			);
		};
/* End PBXProject section */

/* Begin PBXSourcesBuildPhase section */
		2468397B1F08FB2B00D35B38 /* Sources */ = {
			isa = PBXSourcesBuildPhase;
			buildActionMask = 2147483647;
			files = (
				2468398A1F097DDD00D35B38 /* KeyCode.swift in Sources */,
				246839831F08FB2B00D35B38 /* main.swift in Sources */,
				2468398C1F09D08500D35B38 /* MouseButton.swift in Sources */,
				24643B881F0DDB5E00F1D234 /* InputError.swift in Sources */,
				24643B861F0DDAE100F1D234 /* Command.swift in Sources */,
			);
			runOnlyForDeploymentPostprocessing = 0;
		};
/* End PBXSourcesBuildPhase section */

/* Begin XCBuildConfiguration section */
		246839841F08FB2B00D35B38 /* Debug */ = {
			isa = XCBuildConfiguration;
			buildSettings = {
				ALWAYS_SEARCH_USER_PATHS = NO;
				CLANG_ANALYZER_NONNULL = YES;
				CLANG_ANALYZER_NUMBER_OBJECT_CONVERSION = YES_AGGRESSIVE;
				CLANG_CXX_LANGUAGE_STANDARD = "gnu++0x";
				CLANG_CXX_LIBRARY = "libc++";
				CLANG_ENABLE_MODULES = YES;
				CLANG_ENABLE_OBJC_ARC = YES;
				CLANG_WARN_BOOL_CONVERSION = YES;
				CLANG_WARN_CONSTANT_CONVERSION = YES;
				CLANG_WARN_DIRECT_OBJC_ISA_USAGE = YES_ERROR;
				CLANG_WARN_DOCUMENTATION_COMMENTS = YES;
				CLANG_WARN_EMPTY_BODY = YES;
				CLANG_WARN_ENUM_CONVERSION = YES;
				CLANG_WARN_INFINITE_RECURSION = YES;
				CLANG_WARN_INT_CONVERSION = YES;
				CLANG_WARN_OBJC_ROOT_CLASS = YES_ERROR;
				CLANG_WARN_SUSPICIOUS_MOVE = YES;
				CLANG_WARN_UNREACHABLE_CODE = YES;
				CLANG_WARN__DUPLICATE_METHOD_MATCH = YES;
				CODE_SIGN_IDENTITY = "-";
				COPY_PHASE_STRIP = NO;
				DEBUG_INFORMATION_FORMAT = dwarf;
				ENABLE_STRICT_OBJC_MSGSEND = YES;
				ENABLE_TESTABILITY = YES;
				GCC_C_LANGUAGE_STANDARD = gnu99;
				GCC_DYNAMIC_NO_PIC = NO;
				GCC_NO_COMMON_BLOCKS = YES;
				GCC_OPTIMIZATION_LEVEL = 0;
				GCC_PREPROCESSOR_DEFINITIONS = (
					"DEBUG=1",
					"$(inherited)",
				);
				GCC_WARN_64_TO_32_BIT_CONVERSION = YES;
				GCC_WARN_ABOUT_RETURN_TYPE = YES_ERROR;
				GCC_WARN_UNDECLARED_SELECTOR = YES;
				GCC_WARN_UNINITIALIZED_AUTOS = YES_AGGRESSIVE;
				GCC_WARN_UNUSED_FUNCTION = YES;
				GCC_WARN_UNUSED_VARIABLE = YES;
				MACOSX_DEPLOYMENT_TARGET = 10.12;
				MTL_ENABLE_DEBUG_INFO = YES;
				ONLY_ACTIVE_ARCH = YES;
				SDKROOT = macosx;
				SWIFT_OPTIMIZATION_LEVEL = "-Onone";
			};
			name = Debug;
		};
		246839851F08FB2B00D35B38 /* Release */ = {
			isa = XCBuildConfiguration;
			buildSettings = {
				ALWAYS_SEARCH_USER_PATHS = NO;
				CLANG_ANALYZER_NONNULL = YES;
				CLANG_ANALYZER_NUMBER_OBJECT_CONVERSION = YES_AGGRESSIVE;
				CLANG_CXX_LANGUAGE_STANDARD = "gnu++0x";
				CLANG_CXX_LIBRARY = "libc++";
				CLANG_ENABLE_MODULES = YES;
				CLANG_ENABLE_OBJC_ARC = YES;
				CLANG_WARN_BOOL_CONVERSION = YES;
				CLANG_WARN_CONSTANT_CONVERSION = YES;
				CLANG_WARN_DIRECT_OBJC_ISA_USAGE = YES_ERROR;
				CLANG_WARN_DOCUMENTATION_COMMENTS = YES;
				CLANG_WARN_EMPTY_BODY = YES;
				CLANG_WARN_ENUM_CONVERSION = YES;
				CLANG_WARN_INFINITE_RECURSION = YES;
				CLANG_WARN_INT_CONVERSION = YES;
				CLANG_WARN_OBJC_ROOT_CLASS = YES_ERROR;
				CLANG_WARN_SUSPICIOUS_MOVE = YES;
				CLANG_WARN_UNREACHABLE_CODE = YES;
				CLANG_WARN__DUPLICATE_METHOD_MATCH = YES;
				CODE_SIGN_IDENTITY = "-";
				COPY_PHASE_STRIP = NO;
				DEBUG_INFORMATION_FORMAT = "dwarf-with-dsym";
				ENABLE_NS_ASSERTIONS = NO;
				ENABLE_STRICT_OBJC_MSGSEND = YES;
				GCC_C_LANGUAGE_STANDARD = gnu99;
				GCC_NO_COMMON_BLOCKS = YES;
				GCC_WARN_64_TO_32_BIT_CONVERSION = YES;
				GCC_WARN_ABOUT_RETURN_TYPE = YES_ERROR;
				GCC_WARN_UNDECLARED_SELECTOR = YES;
				GCC_WARN_UNINITIALIZED_AUTOS = YES_AGGRESSIVE;
				GCC_WARN_UNUSED_FUNCTION = YES;
				GCC_WARN_UNUSED_VARIABLE = YES;
				MACOSX_DEPLOYMENT_TARGET = 10.12;
				MTL_ENABLE_DEBUG_INFO = NO;
				SDKROOT = macosx;
			};
			name = Release;
		};
		246839871F08FB2B00D35B38 /* Debug */ = {
			isa = XCBuildConfiguration;
			buildSettings = {
				PRODUCT_NAME = "$(TARGET_NAME)";
				SWIFT_VERSION = 3.0;
			};
			name = Debug;
		};
		246839881F08FB2B00D35B38 /* Release */ = {
			isa = XCBuildConfiguration;
			buildSettings = {
				PRODUCT_NAME = "$(TARGET_NAME)";
				SWIFT_VERSION = 3.0;
			};
			name = Release;
		};
/* End XCBuildConfiguration section */

/* Begin XCConfigurationList section */
		2468397A1F08FB2B00D35B38 /* Build configuration list for PBXProject "osxdotool" */ = {
			isa = XCConfigurationList;
			buildConfigurations = (
				246839841F08FB2B00D35B38 /* Debug */,
				246839851F08FB2B00D35B38 /* Release */,
			);
			defaultConfigurationIsVisible = 0;
			defaultConfigurationName = Release;
		};
		246839861F08FB2B00D35B38 /* Build configuration list for PBXNativeTarget "osxdotool" */ = {
			isa = XCConfigurationList;
			buildConfigurations = (
				246839871F08FB2B00D35B38 /* Debug */,
				246839881F08FB2B00D35B38 /* Release */,
			);
			defaultConfigurationIsVisible = 0;
			defaultConfigurationName = Release;
		};
/* End XCConfigurationList section */
	};
	rootObject = 246839771F08FB2B00D35B38 /* Project object */;
}
