// !$*UTF8*$!
{
	archiveVersion = 1;
	classes = {
	};
	objectVersion = 46;
	objects = {

/* Begin PBXAggregateTarget section */
		"osxdotool::osxdotoolPackageTests::ProductTarget" /* osxdotoolPackageTests */ = {
			isa = PBXAggregateTarget;
			buildConfigurationList = OBJ_125 /* Build configuration list for PBXAggregateTarget "osxdotoolPackageTests" */;
			buildPhases = (
			);
			dependencies = (
				OBJ_128 /* PBXTargetDependency */,
			);
			name = osxdotoolPackageTests;
			productName = osxdotoolPackageTests;
		};
/* End PBXAggregateTarget section */

/* Begin PBXBuildFile section */
		OBJ_102 /* InputError.swift in Sources */ = {isa = PBXBuildFile; fileRef = OBJ_42 /* InputError.swift */; };
		OBJ_103 /* ArrayElementString.swift in Sources */ = {isa = PBXBuildFile; fileRef = OBJ_44 /* ArrayElementString.swift */; };
		OBJ_104 /* Dictionary.swift in Sources */ = {isa = PBXBuildFile; fileRef = OBJ_45 /* Dictionary.swift */; };
		OBJ_105 /* String.swift in Sources */ = {isa = PBXBuildFile; fileRef = OBJ_46 /* String.swift */; };
		OBJ_106 /* Command.swift in Sources */ = {isa = PBXBuildFile; fileRef = OBJ_48 /* Command.swift */; };
		OBJ_107 /* CommandCenter.swift in Sources */ = {isa = PBXBuildFile; fileRef = OBJ_49 /* CommandCenter.swift */; };
		OBJ_108 /* Option.swift in Sources */ = {isa = PBXBuildFile; fileRef = OBJ_50 /* Option.swift */; };
		OBJ_109 /* Result.swift in Sources */ = {isa = PBXBuildFile; fileRef = OBJ_51 /* Result.swift */; };
		OBJ_115 /* Key.swift in Sources */ = {isa = PBXBuildFile; fileRef = OBJ_10 /* Key.swift */; };
		OBJ_116 /* KeyConstants.swift in Sources */ = {isa = PBXBuildFile; fileRef = OBJ_11 /* KeyConstants.swift */; };
		OBJ_117 /* ModifierKey.swift in Sources */ = {isa = PBXBuildFile; fileRef = OBJ_12 /* ModifierKey.swift */; };
		OBJ_118 /* ShiftRequiredKey.swift in Sources */ = {isa = PBXBuildFile; fileRef = OBJ_13 /* ShiftRequiredKey.swift */; };
		OBJ_119 /* InputError.swift in Sources */ = {isa = PBXBuildFile; fileRef = OBJ_15 /* InputError.swift */; };
		OBJ_120 /* Character+Helpers.swift in Sources */ = {isa = PBXBuildFile; fileRef = OBJ_17 /* Character+Helpers.swift */; };
		OBJ_121 /* KeyboardHelper.swift in Sources */ = {isa = PBXBuildFile; fileRef = OBJ_19 /* KeyboardHelper.swift */; };
		OBJ_122 /* MouseButton.swift in Sources */ = {isa = PBXBuildFile; fileRef = OBJ_20 /* MouseButton.swift */; };
		OBJ_63 /* Package.swift in Sources */ = {isa = PBXBuildFile; fileRef = OBJ_6 /* Package.swift */; };
		OBJ_69 /* Package.swift in Sources */ = {isa = PBXBuildFile; fileRef = OBJ_52 /* Package.swift */; };
		OBJ_75 /* HelperTests.swift in Sources */ = {isa = PBXBuildFile; fileRef = OBJ_36 /* HelperTests.swift */; };
		OBJ_76 /* KeyboardTests.swift in Sources */ = {isa = PBXBuildFile; fileRef = OBJ_37 /* KeyboardTests.swift */; };
		OBJ_78 /* osxdotoolCore.framework in Frameworks */ = {isa = PBXBuildFile; fileRef = "osxdotool::osxdotoolCore::Product" /* osxdotoolCore.framework */; };
		OBJ_86 /* Desktop.swift in Sources */ = {isa = PBXBuildFile; fileRef = OBJ_24 /* Desktop.swift */; };
		OBJ_87 /* Keyboard.swift in Sources */ = {isa = PBXBuildFile; fileRef = OBJ_26 /* Keyboard.swift */; };
		OBJ_88 /* Misc.swift in Sources */ = {isa = PBXBuildFile; fileRef = OBJ_28 /* Misc.swift */; };
		OBJ_89 /* Mouse.swift in Sources */ = {isa = PBXBuildFile; fileRef = OBJ_30 /* Mouse.swift */; };
		OBJ_90 /* Window.swift in Sources */ = {isa = PBXBuildFile; fileRef = OBJ_32 /* Window.swift */; };
		OBJ_91 /* main.swift in Sources */ = {isa = PBXBuildFile; fileRef = OBJ_33 /* main.swift */; };
		OBJ_93 /* CLSwift.framework in Frameworks */ = {isa = PBXBuildFile; fileRef = "CLSwift::CLSwift::Product" /* CLSwift.framework */; };
		OBJ_94 /* osxdotoolCore.framework in Frameworks */ = {isa = PBXBuildFile; fileRef = "osxdotool::osxdotoolCore::Product" /* osxdotoolCore.framework */; };
/* End PBXBuildFile section */

/* Begin PBXContainerItemProxy section */
		243C20C81FCE7D1300261C48 /* PBXContainerItemProxy */ = {
			isa = PBXContainerItemProxy;
			containerPortal = OBJ_1 /* Project object */;
			proxyType = 1;
			remoteGlobalIDString = "CLSwift::CLSwift";
			remoteInfo = CLSwift;
		};
		243C20C91FCE7D1300261C48 /* PBXContainerItemProxy */ = {
			isa = PBXContainerItemProxy;
			containerPortal = OBJ_1 /* Project object */;
			proxyType = 1;
			remoteGlobalIDString = "osxdotool::osxdotoolCore";
			remoteInfo = osxdotoolCore;
		};
		243C20CA1FCE7D1300261C48 /* PBXContainerItemProxy */ = {
			isa = PBXContainerItemProxy;
			containerPortal = OBJ_1 /* Project object */;
			proxyType = 1;
			remoteGlobalIDString = "osxdotool::osxdotoolCore";
			remoteInfo = osxdotoolCore;
		};
		243C20CB1FCE7D1400261C48 /* PBXContainerItemProxy */ = {
			isa = PBXContainerItemProxy;
			containerPortal = OBJ_1 /* Project object */;
			proxyType = 1;
			remoteGlobalIDString = "osxdotool::osxdotoolTests";
			remoteInfo = osxdotoolTests;
		};
/* End PBXContainerItemProxy section */

/* Begin PBXFileReference section */
		"CLSwift::CLSwift::Product" /* CLSwift.framework */ = {isa = PBXFileReference; explicitFileType = wrapper.framework; path = CLSwift.framework; sourceTree = BUILT_PRODUCTS_DIR; };
		OBJ_10 /* Key.swift */ = {isa = PBXFileReference; lastKnownFileType = sourcecode.swift; path = Key.swift; sourceTree = "<group>"; };
		OBJ_11 /* KeyConstants.swift */ = {isa = PBXFileReference; lastKnownFileType = sourcecode.swift; path = KeyConstants.swift; sourceTree = "<group>"; };
		OBJ_12 /* ModifierKey.swift */ = {isa = PBXFileReference; lastKnownFileType = sourcecode.swift; path = ModifierKey.swift; sourceTree = "<group>"; };
		OBJ_13 /* ShiftRequiredKey.swift */ = {isa = PBXFileReference; lastKnownFileType = sourcecode.swift; path = ShiftRequiredKey.swift; sourceTree = "<group>"; };
		OBJ_15 /* InputError.swift */ = {isa = PBXFileReference; lastKnownFileType = sourcecode.swift; path = InputError.swift; sourceTree = "<group>"; };
		OBJ_17 /* Character+Helpers.swift */ = {isa = PBXFileReference; lastKnownFileType = sourcecode.swift; path = "Character+Helpers.swift"; sourceTree = "<group>"; };
		OBJ_19 /* KeyboardHelper.swift */ = {isa = PBXFileReference; lastKnownFileType = sourcecode.swift; path = KeyboardHelper.swift; sourceTree = "<group>"; };
		OBJ_20 /* MouseButton.swift */ = {isa = PBXFileReference; lastKnownFileType = sourcecode.swift; path = MouseButton.swift; sourceTree = "<group>"; };
		OBJ_24 /* Desktop.swift */ = {isa = PBXFileReference; lastKnownFileType = sourcecode.swift; path = Desktop.swift; sourceTree = "<group>"; };
		OBJ_26 /* Keyboard.swift */ = {isa = PBXFileReference; lastKnownFileType = sourcecode.swift; path = Keyboard.swift; sourceTree = "<group>"; };
		OBJ_28 /* Misc.swift */ = {isa = PBXFileReference; lastKnownFileType = sourcecode.swift; path = Misc.swift; sourceTree = "<group>"; };
		OBJ_30 /* Mouse.swift */ = {isa = PBXFileReference; lastKnownFileType = sourcecode.swift; path = Mouse.swift; sourceTree = "<group>"; };
		OBJ_32 /* Window.swift */ = {isa = PBXFileReference; lastKnownFileType = sourcecode.swift; path = Window.swift; sourceTree = "<group>"; };
		OBJ_33 /* main.swift */ = {isa = PBXFileReference; lastKnownFileType = sourcecode.swift; path = main.swift; sourceTree = "<group>"; };
		OBJ_36 /* HelperTests.swift */ = {isa = PBXFileReference; lastKnownFileType = sourcecode.swift; path = HelperTests.swift; sourceTree = "<group>"; };
		OBJ_37 /* KeyboardTests.swift */ = {isa = PBXFileReference; lastKnownFileType = sourcecode.swift; path = KeyboardTests.swift; sourceTree = "<group>"; };
		OBJ_42 /* InputError.swift */ = {isa = PBXFileReference; lastKnownFileType = sourcecode.swift; path = InputError.swift; sourceTree = "<group>"; };
		OBJ_44 /* ArrayElementString.swift */ = {isa = PBXFileReference; lastKnownFileType = sourcecode.swift; path = ArrayElementString.swift; sourceTree = "<group>"; };
		OBJ_45 /* Dictionary.swift */ = {isa = PBXFileReference; lastKnownFileType = sourcecode.swift; path = Dictionary.swift; sourceTree = "<group>"; };
		OBJ_46 /* String.swift */ = {isa = PBXFileReference; lastKnownFileType = sourcecode.swift; path = String.swift; sourceTree = "<group>"; };
		OBJ_48 /* Command.swift */ = {isa = PBXFileReference; lastKnownFileType = sourcecode.swift; path = Command.swift; sourceTree = "<group>"; };
		OBJ_49 /* CommandCenter.swift */ = {isa = PBXFileReference; lastKnownFileType = sourcecode.swift; path = CommandCenter.swift; sourceTree = "<group>"; };
		OBJ_50 /* Option.swift */ = {isa = PBXFileReference; lastKnownFileType = sourcecode.swift; path = Option.swift; sourceTree = "<group>"; };
		OBJ_51 /* Result.swift */ = {isa = PBXFileReference; lastKnownFileType = sourcecode.swift; path = Result.swift; sourceTree = "<group>"; };
		OBJ_52 /* Package.swift */ = {isa = PBXFileReference; explicitFileType = sourcecode.swift; name = Package.swift; path = "/Users/fnord/Documents/Swift/osxdotool/.build/checkouts/CLSwift.git--8698936768018570117/Package.swift"; sourceTree = "<group>"; };
		OBJ_6 /* Package.swift */ = {isa = PBXFileReference; explicitFileType = sourcecode.swift; path = Package.swift; sourceTree = "<group>"; };
		"osxdotool::osxdotool::Product" /* osxdotool */ = {isa = PBXFileReference; lastKnownFileType = text; path = osxdotool; sourceTree = BUILT_PRODUCTS_DIR; };
		"osxdotool::osxdotoolCore::Product" /* osxdotoolCore.framework */ = {isa = PBXFileReference; explicitFileType = wrapper.framework; path = osxdotoolCore.framework; sourceTree = BUILT_PRODUCTS_DIR; };
		"osxdotool::osxdotoolTests::Product" /* osxdotoolTests.xctest */ = {isa = PBXFileReference; lastKnownFileType = file; path = osxdotoolTests.xctest; sourceTree = BUILT_PRODUCTS_DIR; };
/* End PBXFileReference section */

/* Begin PBXFrameworksBuildPhase section */
		OBJ_110 /* Frameworks */ = {
			isa = PBXFrameworksBuildPhase;
			buildActionMask = 0;
			files = (
			);
			runOnlyForDeploymentPostprocessing = 0;
		};
		OBJ_123 /* Frameworks */ = {
			isa = PBXFrameworksBuildPhase;
			buildActionMask = 0;
			files = (
			);
			runOnlyForDeploymentPostprocessing = 0;
		};
		OBJ_77 /* Frameworks */ = {
			isa = PBXFrameworksBuildPhase;
			buildActionMask = 0;
			files = (
				OBJ_78 /* osxdotoolCore.framework in Frameworks */,
			);
			runOnlyForDeploymentPostprocessing = 0;
		};
		OBJ_92 /* Frameworks */ = {
			isa = PBXFrameworksBuildPhase;
			buildActionMask = 0;
			files = (
				OBJ_93 /* CLSwift.framework in Frameworks */,
				OBJ_94 /* osxdotoolCore.framework in Frameworks */,
			);
			runOnlyForDeploymentPostprocessing = 0;
		};
/* End PBXFrameworksBuildPhase section */

/* Begin PBXGroup section */
		OBJ_14 /* ErrorHandling */ = {
			isa = PBXGroup;
			children = (
				OBJ_15 /* InputError.swift */,
			);
			path = ErrorHandling;
			sourceTree = "<group>";
		};
		OBJ_16 /* Extensions */ = {
			isa = PBXGroup;
			children = (
				OBJ_17 /* Character+Helpers.swift */,
			);
			path = Extensions;
			sourceTree = "<group>";
		};
		OBJ_18 /* Helpers */ = {
			isa = PBXGroup;
			children = (
				OBJ_19 /* KeyboardHelper.swift */,
				OBJ_20 /* MouseButton.swift */,
			);
			path = Helpers;
			sourceTree = "<group>";
		};
		OBJ_21 /* osxdotool */ = {
			isa = PBXGroup;
			children = (
				OBJ_22 /* Commands */,
				OBJ_33 /* main.swift */,
			);
			name = osxdotool;
			path = Sources/osxdotool;
			sourceTree = SOURCE_ROOT;
		};
		OBJ_22 /* Commands */ = {
			isa = PBXGroup;
			children = (
				OBJ_23 /* Desktop */,
				OBJ_25 /* Keyboard */,
				OBJ_27 /* Misc */,
				OBJ_29 /* Mouse */,
				OBJ_31 /* Window */,
			);
			path = Commands;
			sourceTree = "<group>";
		};
		OBJ_23 /* Desktop */ = {
			isa = PBXGroup;
			children = (
				OBJ_24 /* Desktop.swift */,
			);
			path = Desktop;
			sourceTree = "<group>";
		};
		OBJ_25 /* Keyboard */ = {
			isa = PBXGroup;
			children = (
				OBJ_26 /* Keyboard.swift */,
			);
			path = Keyboard;
			sourceTree = "<group>";
		};
		OBJ_27 /* Misc */ = {
			isa = PBXGroup;
			children = (
				OBJ_28 /* Misc.swift */,
			);
			path = Misc;
			sourceTree = "<group>";
		};
		OBJ_29 /* Mouse */ = {
			isa = PBXGroup;
			children = (
				OBJ_30 /* Mouse.swift */,
			);
			path = Mouse;
			sourceTree = "<group>";
		};
		OBJ_31 /* Window */ = {
			isa = PBXGroup;
			children = (
				OBJ_32 /* Window.swift */,
			);
			path = Window;
			sourceTree = "<group>";
		};
		OBJ_34 /* Tests */ = {
			isa = PBXGroup;
			children = (
				OBJ_35 /* osxdotoolTests */,
			);
			name = Tests;
			sourceTree = SOURCE_ROOT;
		};
		OBJ_35 /* osxdotoolTests */ = {
			isa = PBXGroup;
			children = (
				OBJ_36 /* HelperTests.swift */,
				OBJ_37 /* KeyboardTests.swift */,
			);
			name = osxdotoolTests;
			path = Tests/osxdotoolTests;
			sourceTree = SOURCE_ROOT;
		};
		OBJ_38 /* Dependencies */ = {
			isa = PBXGroup;
			children = (
				OBJ_39 /* CLSwift 1.4.0 */,
			);
			name = Dependencies;
			sourceTree = "<group>";
		};
		OBJ_39 /* CLSwift 1.4.0 */ = {
			isa = PBXGroup;
			children = (
				OBJ_40 /* CLSwift */,
				OBJ_52 /* Package.swift */,
			);
			name = "CLSwift 1.4.0";
			sourceTree = SOURCE_ROOT;
		};
		OBJ_40 /* CLSwift */ = {
			isa = PBXGroup;
			children = (
				OBJ_41 /* ErrorHandling */,
				OBJ_43 /* Extensions */,
				OBJ_47 /* Models */,
			);
			name = CLSwift;
			path = ".build/checkouts/CLSwift.git--8698936768018570117/Sources/CLSwift";
			sourceTree = SOURCE_ROOT;
		};
		OBJ_41 /* ErrorHandling */ = {
			isa = PBXGroup;
			children = (
				OBJ_42 /* InputError.swift */,
			);
			path = ErrorHandling;
			sourceTree = "<group>";
		};
		OBJ_43 /* Extensions */ = {
			isa = PBXGroup;
			children = (
				OBJ_44 /* ArrayElementString.swift */,
				OBJ_45 /* Dictionary.swift */,
				OBJ_46 /* String.swift */,
			);
			path = Extensions;
			sourceTree = "<group>";
		};
		OBJ_47 /* Models */ = {
			isa = PBXGroup;
			children = (
				OBJ_48 /* Command.swift */,
				OBJ_49 /* CommandCenter.swift */,
				OBJ_50 /* Option.swift */,
				OBJ_51 /* Result.swift */,
			);
			path = Models;
			sourceTree = "<group>";
		};
		OBJ_5 /*  */ = {
			isa = PBXGroup;
			children = (
				OBJ_6 /* Package.swift */,
				OBJ_7 /* Sources */,
				OBJ_34 /* Tests */,
				OBJ_38 /* Dependencies */,
				OBJ_53 /* Products */,
			);
			name = "";
			sourceTree = "<group>";
		};
		OBJ_53 /* Products */ = {
			isa = PBXGroup;
			children = (
				"osxdotool::osxdotoolTests::Product" /* osxdotoolTests.xctest */,
				"osxdotool::osxdotool::Product" /* osxdotool */,
				"CLSwift::CLSwift::Product" /* CLSwift.framework */,
				"osxdotool::osxdotoolCore::Product" /* osxdotoolCore.framework */,
			);
			name = Products;
			sourceTree = BUILT_PRODUCTS_DIR;
		};
		OBJ_7 /* Sources */ = {
			isa = PBXGroup;
			children = (
				OBJ_8 /* osxdotoolCore */,
				OBJ_21 /* osxdotool */,
			);
			name = Sources;
			sourceTree = SOURCE_ROOT;
		};
		OBJ_8 /* osxdotoolCore */ = {
			isa = PBXGroup;
			children = (
				OBJ_9 /* Constants */,
				OBJ_14 /* ErrorHandling */,
				OBJ_16 /* Extensions */,
				OBJ_18 /* Helpers */,
			);
			name = osxdotoolCore;
			path = Sources/osxdotoolCore;
			sourceTree = SOURCE_ROOT;
		};
		OBJ_9 /* Constants */ = {
			isa = PBXGroup;
			children = (
				OBJ_10 /* Key.swift */,
				OBJ_11 /* KeyConstants.swift */,
				OBJ_12 /* ModifierKey.swift */,
				OBJ_13 /* ShiftRequiredKey.swift */,
			);
			path = Constants;
			sourceTree = "<group>";
		};
/* End PBXGroup section */

/* Begin PBXNativeTarget section */
		"CLSwift::CLSwift" /* CLSwift */ = {
			isa = PBXNativeTarget;
			buildConfigurationList = OBJ_98 /* Build configuration list for PBXNativeTarget "CLSwift" */;
			buildPhases = (
				OBJ_101 /* Sources */,
				OBJ_110 /* Frameworks */,
			);
			buildRules = (
			);
			dependencies = (
			);
			name = CLSwift;
			productName = CLSwift;
			productReference = "CLSwift::CLSwift::Product" /* CLSwift.framework */;
			productType = "com.apple.product-type.framework";
		};
		"CLSwift::SwiftPMPackageDescription" /* CLSwiftPackageDescription */ = {
			isa = PBXNativeTarget;
			buildConfigurationList = OBJ_65 /* Build configuration list for PBXNativeTarget "CLSwiftPackageDescription" */;
			buildPhases = (
				OBJ_68 /* Sources */,
			);
			buildRules = (
			);
			dependencies = (
			);
			name = CLSwiftPackageDescription;
			productName = CLSwiftPackageDescription;
			productType = "com.apple.product-type.framework";
		};
		"osxdotool::SwiftPMPackageDescription" /* osxdotoolPackageDescription */ = {
			isa = PBXNativeTarget;
			buildConfigurationList = OBJ_59 /* Build configuration list for PBXNativeTarget "osxdotoolPackageDescription" */;
			buildPhases = (
				OBJ_62 /* Sources */,
			);
			buildRules = (
			);
			dependencies = (
			);
			name = osxdotoolPackageDescription;
			productName = osxdotoolPackageDescription;
			productType = "com.apple.product-type.framework";
		};
		"osxdotool::osxdotool" /* osxdotool */ = {
			isa = PBXNativeTarget;
			buildConfigurationList = OBJ_82 /* Build configuration list for PBXNativeTarget "osxdotool" */;
			buildPhases = (
				OBJ_85 /* Sources */,
				OBJ_92 /* Frameworks */,
			);
			buildRules = (
			);
			dependencies = (
				OBJ_95 /* PBXTargetDependency */,
				OBJ_97 /* PBXTargetDependency */,
			);
			name = osxdotool;
			productName = osxdotool;
			productReference = "osxdotool::osxdotool::Product" /* osxdotool */;
			productType = "com.apple.product-type.tool";
		};
		"osxdotool::osxdotoolCore" /* osxdotoolCore */ = {
			isa = PBXNativeTarget;
			buildConfigurationList = OBJ_111 /* Build configuration list for PBXNativeTarget "osxdotoolCore" */;
			buildPhases = (
				OBJ_114 /* Sources */,
				OBJ_123 /* Frameworks */,
			);
			buildRules = (
			);
			dependencies = (
			);
			name = osxdotoolCore;
			productName = osxdotoolCore;
			productReference = "osxdotool::osxdotoolCore::Product" /* osxdotoolCore.framework */;
			productType = "com.apple.product-type.framework";
		};
		"osxdotool::osxdotoolTests" /* osxdotoolTests */ = {
			isa = PBXNativeTarget;
			buildConfigurationList = OBJ_71 /* Build configuration list for PBXNativeTarget "osxdotoolTests" */;
			buildPhases = (
				OBJ_74 /* Sources */,
				OBJ_77 /* Frameworks */,
			);
			buildRules = (
			);
			dependencies = (
				OBJ_79 /* PBXTargetDependency */,
			);
			name = osxdotoolTests;
			productName = osxdotoolTests;
			productReference = "osxdotool::osxdotoolTests::Product" /* osxdotoolTests.xctest */;
			productType = "com.apple.product-type.bundle.unit-test";
		};
/* End PBXNativeTarget section */

/* Begin PBXProject section */
		OBJ_1 /* Project object */ = {
			isa = PBXProject;
			attributes = {
				LastUpgradeCheck = 9999;
			};
			buildConfigurationList = OBJ_2 /* Build configuration list for PBXProject "osxdotool" */;
			compatibilityVersion = "Xcode 3.2";
			developmentRegion = English;
			hasScannedForEncodings = 0;
			knownRegions = (
				en,
			);
			mainGroup = OBJ_5 /*  */;
			productRefGroup = OBJ_53 /* Products */;
			projectDirPath = "";
			projectRoot = "";
			targets = (
				"osxdotool::SwiftPMPackageDescription" /* osxdotoolPackageDescription */,
				"CLSwift::SwiftPMPackageDescription" /* CLSwiftPackageDescription */,
				"osxdotool::osxdotoolTests" /* osxdotoolTests */,
				"osxdotool::osxdotool" /* osxdotool */,
				"CLSwift::CLSwift" /* CLSwift */,
				"osxdotool::osxdotoolCore" /* osxdotoolCore */,
				"osxdotool::osxdotoolPackageTests::ProductTarget" /* osxdotoolPackageTests */,
			);
		};
/* End PBXProject section */

/* Begin PBXSourcesBuildPhase section */
		OBJ_101 /* Sources */ = {
			isa = PBXSourcesBuildPhase;
			buildActionMask = 0;
			files = (
				OBJ_102 /* InputError.swift in Sources */,
				OBJ_103 /* ArrayElementString.swift in Sources */,
				OBJ_104 /* Dictionary.swift in Sources */,
				OBJ_105 /* String.swift in Sources */,
				OBJ_106 /* Command.swift in Sources */,
				OBJ_107 /* CommandCenter.swift in Sources */,
				OBJ_108 /* Option.swift in Sources */,
				OBJ_109 /* Result.swift in Sources */,
			);
			runOnlyForDeploymentPostprocessing = 0;
		};
		OBJ_114 /* Sources */ = {
			isa = PBXSourcesBuildPhase;
			buildActionMask = 0;
			files = (
				OBJ_115 /* Key.swift in Sources */,
				OBJ_116 /* KeyConstants.swift in Sources */,
				OBJ_117 /* ModifierKey.swift in Sources */,
				OBJ_118 /* ShiftRequiredKey.swift in Sources */,
				OBJ_119 /* InputError.swift in Sources */,
				OBJ_120 /* Character+Helpers.swift in Sources */,
				OBJ_121 /* KeyboardHelper.swift in Sources */,
				OBJ_122 /* MouseButton.swift in Sources */,
			);
			runOnlyForDeploymentPostprocessing = 0;
		};
		OBJ_62 /* Sources */ = {
			isa = PBXSourcesBuildPhase;
			buildActionMask = 0;
			files = (
				OBJ_63 /* Package.swift in Sources */,
			);
			runOnlyForDeploymentPostprocessing = 0;
		};
		OBJ_68 /* Sources */ = {
			isa = PBXSourcesBuildPhase;
			buildActionMask = 0;
			files = (
				OBJ_69 /* Package.swift in Sources */,
			);
			runOnlyForDeploymentPostprocessing = 0;
		};
		OBJ_74 /* Sources */ = {
			isa = PBXSourcesBuildPhase;
			buildActionMask = 0;
			files = (
				OBJ_75 /* HelperTests.swift in Sources */,
				OBJ_76 /* KeyboardTests.swift in Sources */,
			);
			runOnlyForDeploymentPostprocessing = 0;
		};
		OBJ_85 /* Sources */ = {
			isa = PBXSourcesBuildPhase;
			buildActionMask = 0;
			files = (
				OBJ_86 /* Desktop.swift in Sources */,
				OBJ_87 /* Keyboard.swift in Sources */,
				OBJ_88 /* Misc.swift in Sources */,
				OBJ_89 /* Mouse.swift in Sources */,
				OBJ_90 /* Window.swift in Sources */,
				OBJ_91 /* main.swift in Sources */,
			);
			runOnlyForDeploymentPostprocessing = 0;
		};
/* End PBXSourcesBuildPhase section */

/* Begin PBXTargetDependency section */
		OBJ_128 /* PBXTargetDependency */ = {
			isa = PBXTargetDependency;
			target = "osxdotool::osxdotoolTests" /* osxdotoolTests */;
			targetProxy = 243C20CB1FCE7D1400261C48 /* PBXContainerItemProxy */;
		};
		OBJ_79 /* PBXTargetDependency */ = {
			isa = PBXTargetDependency;
			target = "osxdotool::osxdotoolCore" /* osxdotoolCore */;
			targetProxy = 243C20CA1FCE7D1300261C48 /* PBXContainerItemProxy */;
		};
		OBJ_95 /* PBXTargetDependency */ = {
			isa = PBXTargetDependency;
			target = "CLSwift::CLSwift" /* CLSwift */;
			targetProxy = 243C20C81FCE7D1300261C48 /* PBXContainerItemProxy */;
		};
		OBJ_97 /* PBXTargetDependency */ = {
			isa = PBXTargetDependency;
			target = "osxdotool::osxdotoolCore" /* osxdotoolCore */;
			targetProxy = 243C20C91FCE7D1300261C48 /* PBXContainerItemProxy */;
		};
/* End PBXTargetDependency section */

/* Begin XCBuildConfiguration section */
		OBJ_100 /* Release */ = {
			isa = XCBuildConfiguration;
			buildSettings = {
				ENABLE_TESTABILITY = YES;
				FRAMEWORK_SEARCH_PATHS = (
					"$(inherited)",
					"$(PLATFORM_DIR)/Developer/Library/Frameworks",
				);
				HEADER_SEARCH_PATHS = "$(inherited)";
				INFOPLIST_FILE = osxdotool.xcodeproj/CLSwift_Info.plist;
				LD_RUNPATH_SEARCH_PATHS = "$(TOOLCHAIN_DIR)/usr/lib/swift/macosx";
				OTHER_LDFLAGS = "$(inherited)";
				OTHER_SWIFT_FLAGS = "$(inherited)";
				PRODUCT_BUNDLE_IDENTIFIER = CLSwift;
				PRODUCT_MODULE_NAME = "$(TARGET_NAME:c99extidentifier)";
				PRODUCT_NAME = "$(TARGET_NAME:c99extidentifier)";
				SKIP_INSTALL = YES;
				SWIFT_VERSION = 3.0;
				TARGET_NAME = CLSwift;
			};
			name = Release;
		};
		OBJ_112 /* Debug */ = {
			isa = XCBuildConfiguration;
			buildSettings = {
				ENABLE_TESTABILITY = YES;
				FRAMEWORK_SEARCH_PATHS = (
					"$(inherited)",
					"$(PLATFORM_DIR)/Developer/Library/Frameworks",
				);
				HEADER_SEARCH_PATHS = "$(inherited)";
				INFOPLIST_FILE = osxdotool.xcodeproj/osxdotoolCore_Info.plist;
				LD_RUNPATH_SEARCH_PATHS = "$(TOOLCHAIN_DIR)/usr/lib/swift/macosx";
				OTHER_LDFLAGS = "$(inherited)";
				OTHER_SWIFT_FLAGS = "$(inherited)";
				PRODUCT_BUNDLE_IDENTIFIER = osxdotoolCore;
				PRODUCT_MODULE_NAME = "$(TARGET_NAME:c99extidentifier)";
				PRODUCT_NAME = "$(TARGET_NAME:c99extidentifier)";
				SKIP_INSTALL = YES;
				SWIFT_VERSION = 4.0;
				TARGET_NAME = osxdotoolCore;
			};
			name = Debug;
		};
		OBJ_113 /* Release */ = {
			isa = XCBuildConfiguration;
			buildSettings = {
				ENABLE_TESTABILITY = YES;
				FRAMEWORK_SEARCH_PATHS = (
					"$(inherited)",
					"$(PLATFORM_DIR)/Developer/Library/Frameworks",
				);
				HEADER_SEARCH_PATHS = "$(inherited)";
				INFOPLIST_FILE = osxdotool.xcodeproj/osxdotoolCore_Info.plist;
				LD_RUNPATH_SEARCH_PATHS = "$(TOOLCHAIN_DIR)/usr/lib/swift/macosx";
				OTHER_LDFLAGS = "$(inherited)";
				OTHER_SWIFT_FLAGS = "$(inherited)";
				PRODUCT_BUNDLE_IDENTIFIER = osxdotoolCore;
				PRODUCT_MODULE_NAME = "$(TARGET_NAME:c99extidentifier)";
				PRODUCT_NAME = "$(TARGET_NAME:c99extidentifier)";
				SKIP_INSTALL = YES;
				SWIFT_VERSION = 4.0;
				TARGET_NAME = osxdotoolCore;
			};
			name = Release;
		};
		OBJ_126 /* Debug */ = {
			isa = XCBuildConfiguration;
			buildSettings = {
			};
			name = Debug;
		};
		OBJ_127 /* Release */ = {
			isa = XCBuildConfiguration;
			buildSettings = {
			};
			name = Release;
		};
		OBJ_3 /* Debug */ = {
			isa = XCBuildConfiguration;
			buildSettings = {
				CLANG_ENABLE_OBJC_ARC = YES;
				COMBINE_HIDPI_IMAGES = YES;
				COPY_PHASE_STRIP = NO;
				DEBUG_INFORMATION_FORMAT = dwarf;
				DYLIB_INSTALL_NAME_BASE = "@rpath";
				ENABLE_NS_ASSERTIONS = YES;
				GCC_OPTIMIZATION_LEVEL = 0;
				MACOSX_DEPLOYMENT_TARGET = 10.10;
				ONLY_ACTIVE_ARCH = YES;
				OTHER_SWIFT_FLAGS = "-DXcode";
				PRODUCT_NAME = "$(TARGET_NAME)";
				SDKROOT = macosx;
				SUPPORTED_PLATFORMS = "macosx iphoneos iphonesimulator appletvos appletvsimulator watchos watchsimulator";
				SWIFT_ACTIVE_COMPILATION_CONDITIONS = SWIFT_PACKAGE;
				SWIFT_OPTIMIZATION_LEVEL = "-Onone";
				USE_HEADERMAP = NO;
			};
			name = Debug;
		};
		OBJ_4 /* Release */ = {
			isa = XCBuildConfiguration;
			buildSettings = {
				CLANG_ENABLE_OBJC_ARC = YES;
				COMBINE_HIDPI_IMAGES = YES;
				COPY_PHASE_STRIP = YES;
				DEBUG_INFORMATION_FORMAT = "dwarf-with-dsym";
				DYLIB_INSTALL_NAME_BASE = "@rpath";
				GCC_OPTIMIZATION_LEVEL = s;
				MACOSX_DEPLOYMENT_TARGET = 10.10;
				OTHER_SWIFT_FLAGS = "-DXcode";
				PRODUCT_NAME = "$(TARGET_NAME)";
				SDKROOT = macosx;
				SUPPORTED_PLATFORMS = "macosx iphoneos iphonesimulator appletvos appletvsimulator watchos watchsimulator";
				SWIFT_ACTIVE_COMPILATION_CONDITIONS = SWIFT_PACKAGE;
				SWIFT_OPTIMIZATION_LEVEL = "-Owholemodule";
				USE_HEADERMAP = NO;
			};
			name = Release;
		};
		OBJ_60 /* Debug */ = {
			isa = XCBuildConfiguration;
			buildSettings = {
				LD = /usr/bin/true;
				OTHER_SWIFT_FLAGS = "-swift-version 4 -I /Applications/Xcode.app/Contents/Developer/Toolchains/XcodeDefault.xctoolchain/usr/lib/swift/pm/4 -target x86_64-apple-macosx10.10 -sdk /Applications/Xcode.app/Contents/Developer/Platforms/MacOSX.platform/Developer/SDKs/MacOSX10.13.sdk";
				SWIFT_VERSION = 4.0;
			};
			name = Debug;
		};
		OBJ_61 /* Release */ = {
			isa = XCBuildConfiguration;
			buildSettings = {
				LD = /usr/bin/true;
				OTHER_SWIFT_FLAGS = "-swift-version 4 -I /Applications/Xcode.app/Contents/Developer/Toolchains/XcodeDefault.xctoolchain/usr/lib/swift/pm/4 -target x86_64-apple-macosx10.10 -sdk /Applications/Xcode.app/Contents/Developer/Platforms/MacOSX.platform/Developer/SDKs/MacOSX10.13.sdk";
				SWIFT_VERSION = 4.0;
			};
			name = Release;
		};
		OBJ_66 /* Debug */ = {
			isa = XCBuildConfiguration;
			buildSettings = {
				LD = /usr/bin/true;
				OTHER_SWIFT_FLAGS = "-swift-version 3 -I /Applications/Xcode.app/Contents/Developer/Toolchains/XcodeDefault.xctoolchain/usr/lib/swift/pm/3 -target x86_64-apple-macosx10.10 -sdk /Applications/Xcode.app/Contents/Developer/Platforms/MacOSX.platform/Developer/SDKs/MacOSX10.13.sdk";
				SWIFT_VERSION = 3.0;
			};
			name = Debug;
		};
		OBJ_67 /* Release */ = {
			isa = XCBuildConfiguration;
			buildSettings = {
				LD = /usr/bin/true;
				OTHER_SWIFT_FLAGS = "-swift-version 3 -I /Applications/Xcode.app/Contents/Developer/Toolchains/XcodeDefault.xctoolchain/usr/lib/swift/pm/3 -target x86_64-apple-macosx10.10 -sdk /Applications/Xcode.app/Contents/Developer/Platforms/MacOSX.platform/Developer/SDKs/MacOSX10.13.sdk";
				SWIFT_VERSION = 3.0;
			};
			name = Release;
		};
		OBJ_72 /* Debug */ = {
			isa = XCBuildConfiguration;
			buildSettings = {
				EMBEDDED_CONTENT_CONTAINS_SWIFT = YES;
				FRAMEWORK_SEARCH_PATHS = (
					"$(inherited)",
					"$(PLATFORM_DIR)/Developer/Library/Frameworks",
				);
				HEADER_SEARCH_PATHS = "$(inherited)";
				INFOPLIST_FILE = osxdotool.xcodeproj/osxdotoolTests_Info.plist;
				LD_RUNPATH_SEARCH_PATHS = "@loader_path/../Frameworks @loader_path/Frameworks";
				OTHER_LDFLAGS = "$(inherited)";
				OTHER_SWIFT_FLAGS = "$(inherited)";
				SWIFT_VERSION = 4.0;
				TARGET_NAME = osxdotoolTests;
			};
			name = Debug;
		};
		OBJ_73 /* Release */ = {
			isa = XCBuildConfiguration;
			buildSettings = {
				EMBEDDED_CONTENT_CONTAINS_SWIFT = YES;
				FRAMEWORK_SEARCH_PATHS = (
					"$(inherited)",
					"$(PLATFORM_DIR)/Developer/Library/Frameworks",
				);
				HEADER_SEARCH_PATHS = "$(inherited)";
				INFOPLIST_FILE = osxdotool.xcodeproj/osxdotoolTests_Info.plist;
				LD_RUNPATH_SEARCH_PATHS = "@loader_path/../Frameworks @loader_path/Frameworks";
				OTHER_LDFLAGS = "$(inherited)";
				OTHER_SWIFT_FLAGS = "$(inherited)";
				SWIFT_VERSION = 4.0;
				TARGET_NAME = osxdotoolTests;
			};
			name = Release;
		};
		OBJ_83 /* Debug */ = {
			isa = XCBuildConfiguration;
			buildSettings = {
				FRAMEWORK_SEARCH_PATHS = (
					"$(inherited)",
					"$(PLATFORM_DIR)/Developer/Library/Frameworks",
				);
				HEADER_SEARCH_PATHS = "$(inherited)";
				INFOPLIST_FILE = osxdotool.xcodeproj/osxdotool_Info.plist;
				LD_RUNPATH_SEARCH_PATHS = "$(TOOLCHAIN_DIR)/usr/lib/swift/macosx @executable_path";
				OTHER_LDFLAGS = "$(inherited)";
				OTHER_SWIFT_FLAGS = "$(inherited)";
				SWIFT_FORCE_DYNAMIC_LINK_STDLIB = YES;
				SWIFT_FORCE_STATIC_LINK_STDLIB = NO;
				SWIFT_VERSION = 4.0;
				TARGET_NAME = osxdotool;
			};
			name = Debug;
		};
		OBJ_84 /* Release */ = {
			isa = XCBuildConfiguration;
			buildSettings = {
				FRAMEWORK_SEARCH_PATHS = (
					"$(inherited)",
					"$(PLATFORM_DIR)/Developer/Library/Frameworks",
				);
				HEADER_SEARCH_PATHS = "$(inherited)";
				INFOPLIST_FILE = osxdotool.xcodeproj/osxdotool_Info.plist;
				LD_RUNPATH_SEARCH_PATHS = "$(TOOLCHAIN_DIR)/usr/lib/swift/macosx @executable_path";
				OTHER_LDFLAGS = "$(inherited)";
				OTHER_SWIFT_FLAGS = "$(inherited)";
				SWIFT_FORCE_DYNAMIC_LINK_STDLIB = YES;
				SWIFT_FORCE_STATIC_LINK_STDLIB = NO;
				SWIFT_VERSION = 4.0;
				TARGET_NAME = osxdotool;
			};
			name = Release;
		};
		OBJ_99 /* Debug */ = {
			isa = XCBuildConfiguration;
			buildSettings = {
				ENABLE_TESTABILITY = YES;
				FRAMEWORK_SEARCH_PATHS = (
					"$(inherited)",
					"$(PLATFORM_DIR)/Developer/Library/Frameworks",
				);
				HEADER_SEARCH_PATHS = "$(inherited)";
				INFOPLIST_FILE = osxdotool.xcodeproj/CLSwift_Info.plist;
				LD_RUNPATH_SEARCH_PATHS = "$(TOOLCHAIN_DIR)/usr/lib/swift/macosx";
				OTHER_LDFLAGS = "$(inherited)";
				OTHER_SWIFT_FLAGS = "$(inherited)";
				PRODUCT_BUNDLE_IDENTIFIER = CLSwift;
				PRODUCT_MODULE_NAME = "$(TARGET_NAME:c99extidentifier)";
				PRODUCT_NAME = "$(TARGET_NAME:c99extidentifier)";
				SKIP_INSTALL = YES;
				SWIFT_VERSION = 3.0;
				TARGET_NAME = CLSwift;
			};
			name = Debug;
		};
/* End XCBuildConfiguration section */

/* Begin XCConfigurationList section */
		OBJ_111 /* Build configuration list for PBXNativeTarget "osxdotoolCore" */ = {
			isa = XCConfigurationList;
			buildConfigurations = (
				OBJ_112 /* Debug */,
				OBJ_113 /* Release */,
			);
			defaultConfigurationIsVisible = 0;
			defaultConfigurationName = Debug;
		};
		OBJ_125 /* Build configuration list for PBXAggregateTarget "osxdotoolPackageTests" */ = {
			isa = XCConfigurationList;
			buildConfigurations = (
				OBJ_126 /* Debug */,
				OBJ_127 /* Release */,
			);
			defaultConfigurationIsVisible = 0;
			defaultConfigurationName = Debug;
		};
		OBJ_2 /* Build configuration list for PBXProject "osxdotool" */ = {
			isa = XCConfigurationList;
			buildConfigurations = (
				OBJ_3 /* Debug */,
				OBJ_4 /* Release */,
			);
			defaultConfigurationIsVisible = 0;
			defaultConfigurationName = Debug;
		};
		OBJ_59 /* Build configuration list for PBXNativeTarget "osxdotoolPackageDescription" */ = {
			isa = XCConfigurationList;
			buildConfigurations = (
				OBJ_60 /* Debug */,
				OBJ_61 /* Release */,
			);
			defaultConfigurationIsVisible = 0;
			defaultConfigurationName = Debug;
		};
		OBJ_65 /* Build configuration list for PBXNativeTarget "CLSwiftPackageDescription" */ = {
			isa = XCConfigurationList;
			buildConfigurations = (
				OBJ_66 /* Debug */,
				OBJ_67 /* Release */,
			);
			defaultConfigurationIsVisible = 0;
			defaultConfigurationName = Debug;
		};
		OBJ_71 /* Build configuration list for PBXNativeTarget "osxdotoolTests" */ = {
			isa = XCConfigurationList;
			buildConfigurations = (
				OBJ_72 /* Debug */,
				OBJ_73 /* Release */,
			);
			defaultConfigurationIsVisible = 0;
			defaultConfigurationName = Debug;
		};
		OBJ_82 /* Build configuration list for PBXNativeTarget "osxdotool" */ = {
			isa = XCConfigurationList;
			buildConfigurations = (
				OBJ_83 /* Debug */,
				OBJ_84 /* Release */,
			);
			defaultConfigurationIsVisible = 0;
			defaultConfigurationName = Debug;
		};
		OBJ_98 /* Build configuration list for PBXNativeTarget "CLSwift" */ = {
			isa = XCConfigurationList;
			buildConfigurations = (
				OBJ_99 /* Debug */,
				OBJ_100 /* Release */,
			);
			defaultConfigurationIsVisible = 0;
			defaultConfigurationName = Debug;
		};
/* End XCConfigurationList section */
	};
	rootObject = OBJ_1 /* Project object */;
}
